# THIS IS AN AUTOGENERATED FILE. DO NOT EDIT THIS FILE DIRECTLY.
# yarn lockfile v1


"airplay@git+ssh://github.com/maximeaubaret/node-airplay":
  version "0.0.3"
  resolved "git+ssh://github.com/maximeaubaret/node-airplay#572640a62a2bc705b6751772ede331f4a2de700d"
  dependencies:
    mdns ">=0.0.7"
    plist ">=0.2.1"

base64-js@1.1.2:
  version "1.1.2"
  resolved "https://registry.yarnpkg.com/base64-js/-/base64-js-1.1.2.tgz#d6400cac1c4c660976d90d07a04351d89395f5e8"

bindings@~1.2.1:
  version "1.2.1"
  resolved "https://registry.yarnpkg.com/bindings/-/bindings-1.2.1.tgz#14ad6113812d2d37d72e67b4cacb4bb726505f11"

mdns@>=0.0.7:
  version "2.3.3"
  resolved "https://registry.yarnpkg.com/mdns/-/mdns-2.3.3.tgz#bbc6ad5407a230133d62e0da692f29f0bd49728e"
  dependencies:
    bindings "~1.2.1"
    nan "~2.3.0"

nan@~2.3.0:
  version "2.3.5"
  resolved "https://registry.yarnpkg.com/nan/-/nan-2.3.5.tgz#822a0dc266290ce4cd3a12282ca3e7e364668a08"

plist@>=0.2.1:
  version "2.0.1"
  resolved "https://registry.yarnpkg.com/plist/-/plist-2.0.1.tgz#0a32ca9481b1c364e92e18dc55c876de9d01da8b"
  dependencies:
    base64-js "1.1.2"
    xmlbuilder "8.2.2"
    xmldom "0.1.x"

samsung-remote@^1.2.5:
  version "1.2.5"
  resolved "https://registry.yarnpkg.com/samsung-remote/-/samsung-remote-1.2.5.tgz#f52d1dd4136cd778272e22b05a2005a0e0f2f882"

xmlbuilder@8.2.2:
  version "8.2.2"
  resolved "https://registry.yarnpkg.com/xmlbuilder/-/xmlbuilder-8.2.2.tgz#69248673410b4ba42e1a6136551d2922335aa773"

xmldom@0.1.x:
  version "0.1.27"
  resolved "https://registry.yarnpkg.com/xmldom/-/xmldom-0.1.27.tgz#d501f97b3bdb403af8ef9ecc20573187aadac0e9"
